// !$*UTF8*$!
{
	archiveVersion = 1;
	classes = {
	};
	objectVersion = 46;
	objects = {

/* Begin PBXBuildFile section */
		9E1CC01A1ED7BE9C0098BAB7 /* main.m in Sources */ = {isa = PBXBuildFile; fileRef = 9E1CC0191ED7BE9C0098BAB7 /* main.m */; };
		9E1CC01D1ED7BE9C0098BAB7 /* AppDelegate.m in Sources */ = {isa = PBXBuildFile; fileRef = 9E1CC01C1ED7BE9C0098BAB7 /* AppDelegate.m */; };
		9E1CC0201ED7BE9C0098BAB7 /* ViewController.m in Sources */ = {isa = PBXBuildFile; fileRef = 9E1CC01F1ED7BE9C0098BAB7 /* ViewController.m */; };
		9E1CC0231ED7BE9C0098BAB7 /* Main.storyboard in Resources */ = {isa = PBXBuildFile; fileRef = 9E1CC0211ED7BE9C0098BAB7 /* Main.storyboard */; };
		9E1CC0251ED7BE9C0098BAB7 /* Assets.xcassets in Resources */ = {isa = PBXBuildFile; fileRef = 9E1CC0241ED7BE9C0098BAB7 /* Assets.xcassets */; };
		9E1CC0281ED7BE9C0098BAB7 /* LaunchScreen.storyboard in Resources */ = {isa = PBXBuildFile; fileRef = 9E1CC0261ED7BE9C0098BAB7 /* LaunchScreen.storyboard */; };
/* End PBXBuildFile section */

/* Begin PBXFileReference section */
		9E1CC0151ED7BE9C0098BAB7 /* UQIDDemo.app */ = {isa = PBXFileReference; explicitFileType = wrapper.application; includeInIndex = 0; path = UQIDDemo.app; sourceTree = BUILT_PRODUCTS_DIR; };
		9E1CC0191ED7BE9C0098BAB7 /* main.m */ = {isa = PBXFileReference; lastKnownFileType = sourcecode.c.objc; path = main.m; sourceTree = "<group>"; };
		9E1CC01B1ED7BE9C0098BAB7 /* AppDelegate.h */ = {isa = PBXFileReference; lastKnownFileType = sourcecode.c.h; path = AppDelegate.h; sourceTree = "<group>"; };
		9E1CC01C1ED7BE9C0098BAB7 /* AppDelegate.m */ = {isa = PBXFileReference; lastKnownFileType = sourcecode.c.objc; path = AppDelegate.m; sourceTree = "<group>"; };
		9E1CC01E1ED7BE9C0098BAB7 /* ViewController.h */ = {isa = PBXFileReference; lastKnownFileType = sourcecode.c.h; path = ViewController.h; sourceTree = "<group>"; };
		9E1CC01F1ED7BE9C0098BAB7 /* ViewController.m */ = {isa = PBXFileReference; lastKnownFileType = sourcecode.c.objc; path = ViewController.m; sourceTree = "<group>"; };
		9E1CC0221ED7BE9C0098BAB7 /* Base */ = {isa = PBXFileReference; lastKnownFileType = file.storyboard; name = Base; path = Base.lproj/Main.storyboard; sourceTree = "<group>"; };
		9E1CC0241ED7BE9C0098BAB7 /* Assets.xcassets */ = {isa = PBXFileReference; lastKnownFileType = folder.assetcatalog; path = Assets.xcassets; sourceTree = "<group>"; };
		9E1CC0271ED7BE9C0098BAB7 /* Base */ = {isa = PBXFileReference; lastKnownFileType = file.storyboard; name = Base; path = Base.lproj/LaunchScreen.storyboard; sourceTree = "<group>"; };
		9E1CC0291ED7BE9C0098BAB7 /* Info.plist */ = {isa = PBXFileReference; lastKnownFileType = text.plist.xml; path = Info.plist; sourceTree = "<group>"; };
/* End PBXFileReference section */

/* Begin PBXFrameworksBuildPhase section */
		9E1CC0121ED7BE9C0098BAB7 /* Frameworks */ = {
			isa = PBXFrameworksBuildPhase;
			buildActionMask = 2147483647;
			files = (
			);
			runOnlyForDeploymentPostprocessing = 0;
		};
/* End PBXFrameworksBuildPhase section */

/* Begin PBXGroup section */
		9E1CC00C1ED7BE9C0098BAB7 = {
			isa = PBXGroup;
			children = (
				9E1CC0171ED7BE9C0098BAB7 /* UQIDDemo */,
				9E1CC0161ED7BE9C0098BAB7 /* Products */,
			);
			sourceTree = "<group>";
		};
		9E1CC0161ED7BE9C0098BAB7 /* Products */ = {
			isa = PBXGroup;
			children = (
				9E1CC0151ED7BE9C0098BAB7 /* UQIDDemo.app */,
			);
			name = Products;
			sourceTree = "<group>";
		};
		9E1CC0171ED7BE9C0098BAB7 /* UQIDDemo */ = {
			isa = PBXGroup;
			children = (
				9E1CC01B1ED7BE9C0098BAB7 /* AppDelegate.h */,
				9E1CC01C1ED7BE9C0098BAB7 /* AppDelegate.m */,
				9E1CC01E1ED7BE9C0098BAB7 /* ViewController.h */,
				9E1CC01F1ED7BE9C0098BAB7 /* ViewController.m */,
				9E1CC0211ED7BE9C0098BAB7 /* Main.storyboard */,
				9E1CC0241ED7BE9C0098BAB7 /* Assets.xcassets */,
				9E1CC0261ED7BE9C0098BAB7 /* LaunchScreen.storyboard */,
				9E1CC0291ED7BE9C0098BAB7 /* Info.plist */,
				9E1CC0181ED7BE9C0098BAB7 /* Supporting Files */,
			);
			path = UQIDDemo;
			sourceTree = "<group>";
		};
		9E1CC0181ED7BE9C0098BAB7 /* Supporting Files */ = {
			isa = PBXGroup;
			children = (
				9E1CC0191ED7BE9C0098BAB7 /* main.m */,
			);
			name = "Supporting Files";
			sourceTree = "<group>";
		};
/* End PBXGroup section */

/* Begin PBXNativeTarget section */
		9E1CC0141ED7BE9C0098BAB7 /* UQIDDemo */ = {
			isa = PBXNativeTarget;
			buildConfigurationList = 9E1CC02C1ED7BE9C0098BAB7 /* Build configuration list for PBXNativeTarget "UQIDDemo" */;
			buildPhases = (
				9E1CC0111ED7BE9C0098BAB7 /* Sources */,
				9E1CC0121ED7BE9C0098BAB7 /* Frameworks */,
				9E1CC0131ED7BE9C0098BAB7 /* Resources */,
			);
			buildRules = (
			);
			dependencies = (
			);
			name = UQIDDemo;
			productName = UQIDDemo;
			productReference = 9E1CC0151ED7BE9C0098BAB7 /* UQIDDemo.app */;
			productType = "com.apple.product-type.application";
		};
/* End PBXNativeTarget section */

/* Begin PBXProject section */
		9E1CC00D1ED7BE9C0098BAB7 /* Project object */ = {
			isa = PBXProject;
			attributes = {
				LastUpgradeCheck = 0820;
				ORGANIZATIONNAME = "杭州魔品科技";
				TargetAttributes = {
					9E1CC0141ED7BE9C0098BAB7 = {
						CreatedOnToolsVersion = 8.2.1;
						ProvisioningStyle = Automatic;
					};
				};
			};
			buildConfigurationList = 9E1CC0101ED7BE9C0098BAB7 /* Build configuration list for PBXProject "UQIDDemo" */;
			compatibilityVersion = "Xcode 3.2";
			developmentRegion = English;
			hasScannedForEncodings = 0;
			knownRegions = (
				en,
				Base,
			);
			mainGroup = 9E1CC00C1ED7BE9C0098BAB7;
			productRefGroup = 9E1CC0161ED7BE9C0098BAB7 /* Products */;
			projectDirPath = "";
			projectRoot = "";
			targets = (
				9E1CC0141ED7BE9C0098BAB7 /* UQIDDemo */,
			);
		};
/* End PBXProject section */

/* Begin PBXResourcesBuildPhase section */
		9E1CC0131ED7BE9C0098BAB7 /* Resources */ = {
			isa = PBXResourcesBuildPhase;
			buildActionMask = 2147483647;
			files = (
				9E1CC0281ED7BE9C0098BAB7 /* LaunchScreen.storyboard in Resources */,
				9E1CC0251ED7BE9C0098BAB7 /* Assets.xcassets in Resources */,
				9E1CC0231ED7BE9C0098BAB7 /* Main.storyboard in Resources */,
			);
			runOnlyForDeploymentPostprocessing = 0;
		};
/* End PBXResourcesBuildPhase section */

/* Begin PBXSourcesBuildPhase section */
		9E1CC0111ED7BE9C0098BAB7 /* Sources */ = {
			isa = PBXSourcesBuildPhase;
			buildActionMask = 2147483647;
			files = (
				9E1CC0201ED7BE9C0098BAB7 /* ViewController.m in Sources */,
				9E1CC01D1ED7BE9C0098BAB7 /* AppDelegate.m in Sources */,
				9E1CC01A1ED7BE9C0098BAB7 /* main.m in Sources */,
			);
			runOnlyForDeploymentPostprocessing = 0;
		};
/* End PBXSourcesBuildPhase section */

/* Begin PBXVariantGroup section */
		9E1CC0211ED7BE9C0098BAB7 /* Main.storyboard */ = {
			isa = PBXVariantGroup;
			children = (
				9E1CC0221ED7BE9C0098BAB7 /* Base */,
			);
			name = Main.storyboard;
			sourceTree = "<group>";
		};
		9E1CC0261ED7BE9C0098BAB7 /* LaunchScreen.storyboard */ = {
			isa = PBXVariantGroup;
			children = (
				9E1CC0271ED7BE9C0098BAB7 /* Base */,
			);
			name = LaunchScreen.storyboard;
			sourceTree = "<group>";
		};
/* End PBXVariantGroup section */

/* Begin XCBuildConfiguration section */
		9E1CC02A1ED7BE9C0098BAB7 /* Debug */ = {
			isa = XCBuildConfiguration;
			buildSettings = {
				ALWAYS_SEARCH_USER_PATHS = NO;
				CLANG_ANALYZER_NONNULL = YES;
				CLANG_CXX_LANGUAGE_STANDARD = "gnu++0x";
				CLANG_CXX_LIBRARY = "libc++";
				CLANG_ENABLE_MODULES = YES;
				CLANG_ENABLE_OBJC_ARC = YES;
				CLANG_WARN_BOOL_CONVERSION = YES;
				CLANG_WARN_CONSTANT_CONVERSION = YES;
				CLANG_WARN_DIRECT_OBJC_ISA_USAGE = YES_ERROR;
				CLANG_WARN_DOCUMENTATION_COMMENTS = YES;
				CLANG_WARN_EMPTY_BODY = YES;
				CLANG_WARN_ENUM_CONVERSION = YES;
				CLANG_WARN_INFINITE_RECURSION = YES;
				CLANG_WARN_INT_CONVERSION = YES;
				CLANG_WARN_OBJC_ROOT_CLASS = YES_ERROR;
				CLANG_WARN_SUSPICIOUS_MOVE = YES;
				CLANG_WARN_UNREACHABLE_CODE = YES;
				CLANG_WARN__DUPLICATE_METHOD_MATCH = YES;
				"CODE_SIGN_IDENTITY[sdk=iphoneos*]" = "iPhone Developer";
				COPY_PHASE_STRIP = NO;
				DEBUG_INFORMATION_FORMAT = dwarf;
				ENABLE_STRICT_OBJC_MSGSEND = YES;
				ENABLE_TESTABILITY = YES;
				GCC_C_LANGUAGE_STANDARD = gnu99;
				GCC_DYNAMIC_NO_PIC = NO;
				GCC_NO_COMMON_BLOCKS = YES;
				GCC_OPTIMIZATION_LEVEL = 0;
				GCC_PREPROCESSOR_DEFINITIONS = (
					"DEBUG=1",
					"$(inherited)",
				);
				GCC_WARN_64_TO_32_BIT_CONVERSION = YES;
				GCC_WARN_ABOUT_RETURN_TYPE = YES_ERROR;
				GCC_WARN_UNDECLARED_SELECTOR = YES;
				GCC_WARN_UNINITIALIZED_AUTOS = YES_AGGRESSIVE;
				GCC_WARN_UNUSED_FUNCTION = YES;
				GCC_WARN_UNUSED_VARIABLE = YES;
				IPHONEOS_DEPLOYMENT_TARGET = 10.2;
				MTL_ENABLE_DEBUG_INFO = YES;
				ONLY_ACTIVE_ARCH = YES;
				SDKROOT = iphoneos;
				TARGETED_DEVICE_FAMILY = "1,2";
			};
			name = Debug;
		};
		9E1CC02B1ED7BE9C0098BAB7 /* Release */ = {
			isa = XCBuildConfiguration;
			buildSettings = {
				ALWAYS_SEARCH_USER_PATHS = NO;
				CLANG_ANALYZER_NONNULL = YES;
				CLANG_CXX_LANGUAGE_STANDARD = "gnu++0x";
				CLANG_CXX_LIBRARY = "libc++";
				CLANG_ENABLE_MODULES = YES;
				CLANG_ENABLE_OBJC_ARC = YES;
				CLANG_WARN_BOOL_CONVERSION = YES;
				CLANG_WARN_CONSTANT_CONVERSION = YES;
				CLANG_WARN_DIRECT_OBJC_ISA_USAGE = YES_ERROR;
				CLANG_WARN_DOCUMENTATION_COMMENTS = YES;
				CLANG_WARN_EMPTY_BODY = YES;
				CLANG_WARN_ENUM_CONVERSION = YES;
				CLANG_WARN_INFINITE_RECURSION = YES;
				CLANG_WARN_INT_CONVERSION = YES;
				CLANG_WARN_OBJC_ROOT_CLASS = YES_ERROR;
				CLANG_WARN_SUSPICIOUS_MOVE = YES;
				CLANG_WARN_UNREACHABLE_CODE = YES;
				CLANG_WARN__DUPLICATE_METHOD_MATCH = YES;
				"CODE_SIGN_IDENTITY[sdk=iphoneos*]" = "iPhone Developer";
				COPY_PHASE_STRIP = NO;
				DEBUG_INFORMATION_FORMAT = "dwarf-with-dsym";
				ENABLE_NS_ASSERTIONS = NO;
				ENABLE_STRICT_OBJC_MSGSEND = YES;
				GCC_C_LANGUAGE_STANDARD = gnu99;
				GCC_NO_COMMON_BLOCKS = YES;
				GCC_WARN_64_TO_32_BIT_CONVERSION = YES;
				GCC_WARN_ABOUT_RETURN_TYPE = YES_ERROR;
				GCC_WARN_UNDECLARED_SELECTOR = YES;
				GCC_WARN_UNINITIALIZED_AUTOS = YES_AGGRESSIVE;
				GCC_WARN_UNUSED_FUNCTION = YES;
				GCC_WARN_UNUSED_VARIABLE = YES;
				IPHONEOS_DEPLOYMENT_TARGET = 10.2;
				MTL_ENABLE_DEBUG_INFO = NO;
				SDKROOT = iphoneos;
				TARGETED_DEVICE_FAMILY = "1,2";
				VALIDATE_PRODUCT = YES;
			};
			name = Release;
		};
		9E1CC02D1ED7BE9C0098BAB7 /* Debug */ = {
			isa = XCBuildConfiguration;
			buildSettings = {
				ASSETCATALOG_COMPILER_APPICON_NAME = AppIcon;
				INFOPLIST_FILE = UQIDDemo/Info.plist;
				LD_RUNPATH_SEARCH_PATHS = "$(inherited) @executable_path/Frameworks";
				PRODUCT_BUNDLE_IDENTIFIER = com.mopote.UQIDDemo;
				PRODUCT_NAME = "$(TARGET_NAME)";
			};
			name = Debug;
		};
		9E1CC02E1ED7BE9C0098BAB7 /* Release */ = {
			isa = XCBuildConfiguration;
			buildSettings = {
				ASSETCATALOG_COMPILER_APPICON_NAME = AppIcon;
				INFOPLIST_FILE = UQIDDemo/Info.plist;
				LD_RUNPATH_SEARCH_PATHS = "$(inherited) @executable_path/Frameworks";
				PRODUCT_BUNDLE_IDENTIFIER = com.mopote.UQIDDemo;
				PRODUCT_NAME = "$(TARGET_NAME)";
			};
			name = Release;
		};
/* End XCBuildConfiguration section */

/* Begin XCConfigurationList section */
		9E1CC0101ED7BE9C0098BAB7 /* Build configuration list for PBXProject "UQIDDemo" */ = {
			isa = XCConfigurationList;
			buildConfigurations = (
				9E1CC02A1ED7BE9C0098BAB7 /* Debug */,
				9E1CC02B1ED7BE9C0098BAB7 /* Release */,
			);
			defaultConfigurationIsVisible = 0;
			defaultConfigurationName = Release;
		};
		9E1CC02C1ED7BE9C0098BAB7 /* Build configuration list for PBXNativeTarget "UQIDDemo" */ = {
			isa = XCConfigurationList;
			buildConfigurations = (
				9E1CC02D1ED7BE9C0098BAB7 /* Debug */,
				9E1CC02E1ED7BE9C0098BAB7 /* Release */,
			);
			defaultConfigurationIsVisible = 0;
		};
/* End XCConfigurationList section */
	};
	rootObject = 9E1CC00D1ED7BE9C0098BAB7 /* Project object */;
}
